
Microsoft Visual Studio Solution File, Format Version 12.00
# Visual Studio Version 17
VisualStudioVersion = 17.14.36203.30
MinimumVisualStudioVersion = 10.0.40219.1
Project("{2150E333-8FDC-42A3-9474-1A3956D46DE8}") = "Services", "Services", "{02EA681E-C7D8-13C7-8484-4AC65E1B71E8}"
EndProject
Project("{2150E333-8FDC-42A3-9474-1A3956D46DE8}") = "Catalog", "Catalog", "{B169CC4A-E37C-4C2A-8242-5BDDE5620C94}"
EndProject
Project("{FAE04EC0-301F-11D3-BF4B-00C04F79EFBC}") = "Catalog.API", "Services\Catalog\Catalog.API\Catalog.API.csproj", "{111E37FC-8C56-4C1D-B4A9-C641DC117A2B}"
EndProject
Global
	GlobalSection(SolutionConfigurationPlatforms) = preSolution
		Debug|Any CPU = Debug|Any CPU
		Release|Any CPU = Release|Any CPU
	EndGlobalSection
	GlobalSection(ProjectConfigurationPlatforms) = postSolution
		{111E37FC-8C56-4C1D-B4A9-C641DC117A2B}.Debug|Any CPU.ActiveCfg = Debug|Any CPU
		{111E37FC-8C56-4C1D-B4A9-C641DC117A2B}.Debug|Any CPU.Build.0 = Debug|Any CPU
		{111E37FC-8C56-4C1D-B4A9-C641DC117A2B}.Release|Any CPU.ActiveCfg = Release|Any CPU
		{111E37FC-8C56-4C1D-B4A9-C641DC117A2B}.Release|Any CPU.Build.0 = Release|Any CPU
	EndGlobalSection
	GlobalSection(SolutionProperties) = preSolution
		HideSolutionNode = FALSE
	EndGlobalSection
	GlobalSection(NestedProjects) = preSolution
		{B169CC4A-E37C-4C2A-8242-5BDDE5620C94} = {02EA681E-C7D8-13C7-8484-4AC65E1B71E8}
		{111E37FC-8C56-4C1D-B4A9-C641DC117A2B} = {B169CC4A-E37C-4C2A-8242-5BDDE5620C94}
	EndGlobalSection
	GlobalSection(ExtensibilityGlobals) = postSolution
		SolutionGuid = {889BCF26-69BC-4C86-85B8-4F6FBB39DC77}
	EndGlobalSection
EndGlobal
